
Microsoft Visual Studio Solution File, Format Version 12.00
# Visual Studio 14
VisualStudioVersion = 14.0.25123.0
MinimumVisualStudioVersion = 10.0.40219.1
Project("{1BCF3727-1161-4428-BEE7-6D8613599044}") = "Sitecore.Support.360033", "Sitecore.Support.360033\Sitecore.Support.360033.csproj", "{17237B93-ED2D-45A7-97F6-76981FD13AF0}"
EndProject
Global
	GlobalSection(SolutionConfigurationPlatforms) = preSolution
		Debug|Any CPU = Debug|Any CPU
		Release|Any CPU = Release|Any CPU
	EndGlobalSection
	GlobalSection(ProjectConfigurationPlatforms) = postSolution
		{17237B93-ED2D-45A7-97F6-76981FD13AF0}.Debug|Any CPU.ActiveCfg = Debug|Any CPU
		{17237B93-ED2D-45A7-97F6-76981FD13AF0}.Debug|Any CPU.Build.0 = Debug|Any CPU
		{17237B93-ED2D-45A7-97F6-76981FD13AF0}.Release|Any CPU.ActiveCfg = Release|Any CPU
		{17237B93-ED2D-45A7-97F6-76981FD13AF0}.Release|Any CPU.Build.0 = Release|Any CPU
	EndGlobalSection
	GlobalSection(SolutionProperties) = preSolution
		HideSolutionNode = FALSE
	EndGlobalSection
EndGlobal
